// !$*UTF8*$!
{
	archiveVersion = 1;
	classes = {
	};
	objectVersion = 55;
	objects = {

/* Begin PBXBuildFile section */
		B5F50FA72834AB3B0034F510 /* AppDelegate.swift in Sources */ = {isa = PBXBuildFile; fileRef = B5F50FA62834AB3B0034F510 /* AppDelegate.swift */; };
		B5F50FA92834AB3B0034F510 /* SceneDelegate.swift in Sources */ = {isa = PBXBuildFile; fileRef = B5F50FA82834AB3B0034F510 /* SceneDelegate.swift */; };
		B5F50FAB2834AB3B0034F510 /* ViewController.swift in Sources */ = {isa = PBXBuildFile; fileRef = B5F50FAA2834AB3B0034F510 /* ViewController.swift */; };
		B5F50FAE2834AB3B0034F510 /* Main.storyboard in Resources */ = {isa = PBXBuildFile; fileRef = B5F50FAC2834AB3B0034F510 /* Main.storyboard */; };
		B5F50FB02834AB3C0034F510 /* Assets.xcassets in Resources */ = {isa = PBXBuildFile; fileRef = B5F50FAF2834AB3C0034F510 /* Assets.xcassets */; };
		B5F50FB32834AB3C0034F510 /* LaunchScreen.storyboard in Resources */ = {isa = PBXBuildFile; fileRef = B5F50FB12834AB3C0034F510 /* LaunchScreen.storyboard */; };
		B5F50FBE2834AB3C0034F510 /* E_WalletTests.swift in Sources */ = {isa = PBXBuildFile; fileRef = B5F50FBD2834AB3C0034F510 /* E_WalletTests.swift */; };
		B5F50FC82834AB3C0034F510 /* E_WalletUITests.swift in Sources */ = {isa = PBXBuildFile; fileRef = B5F50FC72834AB3C0034F510 /* E_WalletUITests.swift */; };
		B5F50FCA2834AB3C0034F510 /* E_WalletUITestsLaunchTests.swift in Sources */ = {isa = PBXBuildFile; fileRef = B5F50FC92834AB3C0034F510 /* E_WalletUITestsLaunchTests.swift */; };
/* End PBXBuildFile section */

/* Begin PBXContainerItemProxy section */
		B5F50FBA2834AB3C0034F510 /* PBXContainerItemProxy */ = {
			isa = PBXContainerItemProxy;
			containerPortal = B5F50F9B2834AB3A0034F510 /* Project object */;
			proxyType = 1;
			remoteGlobalIDString = B5F50FA22834AB3A0034F510;
			remoteInfo = "E-Wallet";
		};
		B5F50FC42834AB3C0034F510 /* PBXContainerItemProxy */ = {
			isa = PBXContainerItemProxy;
			containerPortal = B5F50F9B2834AB3A0034F510 /* Project object */;
			proxyType = 1;
			remoteGlobalIDString = B5F50FA22834AB3A0034F510;
			remoteInfo = "E-Wallet";
		};
/* End PBXContainerItemProxy section */

/* Begin PBXFileReference section */
		B5F50FA32834AB3A0034F510 /* E-Wallet.app */ = {isa = PBXFileReference; explicitFileType = wrapper.application; includeInIndex = 0; path = "E-Wallet.app"; sourceTree = BUILT_PRODUCTS_DIR; };
		B5F50FA62834AB3B0034F510 /* AppDelegate.swift */ = {isa = PBXFileReference; lastKnownFileType = sourcecode.swift; path = AppDelegate.swift; sourceTree = "<group>"; };
		B5F50FA82834AB3B0034F510 /* SceneDelegate.swift */ = {isa = PBXFileReference; lastKnownFileType = sourcecode.swift; path = SceneDelegate.swift; sourceTree = "<group>"; };
		B5F50FAA2834AB3B0034F510 /* ViewController.swift */ = {isa = PBXFileReference; lastKnownFileType = sourcecode.swift; path = ViewController.swift; sourceTree = "<group>"; };
		B5F50FAD2834AB3B0034F510 /* Base */ = {isa = PBXFileReference; lastKnownFileType = file.storyboard; name = Base; path = Base.lproj/Main.storyboard; sourceTree = "<group>"; };
		B5F50FAF2834AB3C0034F510 /* Assets.xcassets */ = {isa = PBXFileReference; lastKnownFileType = folder.assetcatalog; path = Assets.xcassets; sourceTree = "<group>"; };
		B5F50FB22834AB3C0034F510 /* Base */ = {isa = PBXFileReference; lastKnownFileType = file.storyboard; name = Base; path = Base.lproj/LaunchScreen.storyboard; sourceTree = "<group>"; };
		B5F50FB42834AB3C0034F510 /* Info.plist */ = {isa = PBXFileReference; lastKnownFileType = text.plist.xml; path = Info.plist; sourceTree = "<group>"; };
		B5F50FB92834AB3C0034F510 /* E-WalletTests.xctest */ = {isa = PBXFileReference; explicitFileType = wrapper.cfbundle; includeInIndex = 0; path = "E-WalletTests.xctest"; sourceTree = BUILT_PRODUCTS_DIR; };
		B5F50FBD2834AB3C0034F510 /* E_WalletTests.swift */ = {isa = PBXFileReference; lastKnownFileType = sourcecode.swift; path = E_WalletTests.swift; sourceTree = "<group>"; };
		B5F50FC32834AB3C0034F510 /* E-WalletUITests.xctest */ = {isa = PBXFileReference; explicitFileType = wrapper.cfbundle; includeInIndex = 0; path = "E-WalletUITests.xctest"; sourceTree = BUILT_PRODUCTS_DIR; };
		B5F50FC72834AB3C0034F510 /* E_WalletUITests.swift */ = {isa = PBXFileReference; lastKnownFileType = sourcecode.swift; path = E_WalletUITests.swift; sourceTree = "<group>"; };
		B5F50FC92834AB3C0034F510 /* E_WalletUITestsLaunchTests.swift */ = {isa = PBXFileReference; lastKnownFileType = sourcecode.swift; path = E_WalletUITestsLaunchTests.swift; sourceTree = "<group>"; };
/* End PBXFileReference section */

/* Begin PBXFrameworksBuildPhase section */
		B5F50FA02834AB3A0034F510 /* Frameworks */ = {
			isa = PBXFrameworksBuildPhase;
			buildActionMask = 2147483647;
			files = (
			);
			runOnlyForDeploymentPostprocessing = 0;
		};
		B5F50FB62834AB3C0034F510 /* Frameworks */ = {
			isa = PBXFrameworksBuildPhase;
			buildActionMask = 2147483647;
			files = (
			);
			runOnlyForDeploymentPostprocessing = 0;
		};
		B5F50FC02834AB3C0034F510 /* Frameworks */ = {
			isa = PBXFrameworksBuildPhase;
			buildActionMask = 2147483647;
			files = (
			);
			runOnlyForDeploymentPostprocessing = 0;
		};
/* End PBXFrameworksBuildPhase section */

/* Begin PBXGroup section */
		B5F50F9A2834AB3A0034F510 = {
			isa = PBXGroup;
			children = (
				B5F50FA52834AB3B0034F510 /* E-Wallet */,
				B5F50FBC2834AB3C0034F510 /* E-WalletTests */,
				B5F50FC62834AB3C0034F510 /* E-WalletUITests */,
				B5F50FA42834AB3B0034F510 /* Products */,
			);
			sourceTree = "<group>";
		};
		B5F50FA42834AB3B0034F510 /* Products */ = {
			isa = PBXGroup;
			children = (
				B5F50FA32834AB3A0034F510 /* E-Wallet.app */,
				B5F50FB92834AB3C0034F510 /* E-WalletTests.xctest */,
				B5F50FC32834AB3C0034F510 /* E-WalletUITests.xctest */,
			);
			name = Products;
			sourceTree = "<group>";
		};
		B5F50FA52834AB3B0034F510 /* E-Wallet */ = {
			isa = PBXGroup;
			children = (
				B5F50FA62834AB3B0034F510 /* AppDelegate.swift */,
				B5F50FA82834AB3B0034F510 /* SceneDelegate.swift */,
				B5F50FAA2834AB3B0034F510 /* ViewController.swift */,
				B5F50FAC2834AB3B0034F510 /* Main.storyboard */,
				B5F50FAF2834AB3C0034F510 /* Assets.xcassets */,
				B5F50FB12834AB3C0034F510 /* LaunchScreen.storyboard */,
				B5F50FB42834AB3C0034F510 /* Info.plist */,
			);
			path = "E-Wallet";
			sourceTree = "<group>";
		};
		B5F50FBC2834AB3C0034F510 /* E-WalletTests */ = {
			isa = PBXGroup;
			children = (
				B5F50FBD2834AB3C0034F510 /* E_WalletTests.swift */,
			);
			path = "E-WalletTests";
			sourceTree = "<group>";
		};
		B5F50FC62834AB3C0034F510 /* E-WalletUITests */ = {
			isa = PBXGroup;
			children = (
				B5F50FC72834AB3C0034F510 /* E_WalletUITests.swift */,
				B5F50FC92834AB3C0034F510 /* E_WalletUITestsLaunchTests.swift */,
			);
			path = "E-WalletUITests";
			sourceTree = "<group>";
		};
/* End PBXGroup section */

/* Begin PBXNativeTarget section */
		B5F50FA22834AB3A0034F510 /* E-Wallet */ = {
			isa = PBXNativeTarget;
			buildConfigurationList = B5F50FCD2834AB3C0034F510 /* Build configuration list for PBXNativeTarget "E-Wallet" */;
			buildPhases = (
				B5F50F9F2834AB3A0034F510 /* Sources */,
				B5F50FA02834AB3A0034F510 /* Frameworks */,
				B5F50FA12834AB3A0034F510 /* Resources */,
			);
			buildRules = (
			);
			dependencies = (
			);
			name = "E-Wallet";
			productName = "E-Wallet";
			productReference = B5F50FA32834AB3A0034F510 /* E-Wallet.app */;
			productType = "com.apple.product-type.application";
		};
		B5F50FB82834AB3C0034F510 /* E-WalletTests */ = {
			isa = PBXNativeTarget;
			buildConfigurationList = B5F50FD02834AB3C0034F510 /* Build configuration list for PBXNativeTarget "E-WalletTests" */;
			buildPhases = (
				B5F50FB52834AB3C0034F510 /* Sources */,
				B5F50FB62834AB3C0034F510 /* Frameworks */,
				B5F50FB72834AB3C0034F510 /* Resources */,
			);
			buildRules = (
			);
			dependencies = (
				B5F50FBB2834AB3C0034F510 /* PBXTargetDependency */,
			);
			name = "E-WalletTests";
			productName = "E-WalletTests";
			productReference = B5F50FB92834AB3C0034F510 /* E-WalletTests.xctest */;
			productType = "com.apple.product-type.bundle.unit-test";
		};
		B5F50FC22834AB3C0034F510 /* E-WalletUITests */ = {
			isa = PBXNativeTarget;
			buildConfigurationList = B5F50FD32834AB3C0034F510 /* Build configuration list for PBXNativeTarget "E-WalletUITests" */;
			buildPhases = (
				B5F50FBF2834AB3C0034F510 /* Sources */,
				B5F50FC02834AB3C0034F510 /* Frameworks */,
				B5F50FC12834AB3C0034F510 /* Resources */,
			);
			buildRules = (
			);
			dependencies = (
				B5F50FC52834AB3C0034F510 /* PBXTargetDependency */,
			);
			name = "E-WalletUITests";
			productName = "E-WalletUITests";
			productReference = B5F50FC32834AB3C0034F510 /* E-WalletUITests.xctest */;
			productType = "com.apple.product-type.bundle.ui-testing";
		};
/* End PBXNativeTarget section */

/* Begin PBXProject section */
		B5F50F9B2834AB3A0034F510 /* Project object */ = {
			isa = PBXProject;
			attributes = {
				BuildIndependentTargetsInParallel = 1;
				LastSwiftUpdateCheck = 1330;
				LastUpgradeCheck = 1330;
				TargetAttributes = {
					B5F50FA22834AB3A0034F510 = {
						CreatedOnToolsVersion = 13.3.1;
					};
					B5F50FB82834AB3C0034F510 = {
						CreatedOnToolsVersion = 13.3.1;
						TestTargetID = B5F50FA22834AB3A0034F510;
					};
					B5F50FC22834AB3C0034F510 = {
						CreatedOnToolsVersion = 13.3.1;
						TestTargetID = B5F50FA22834AB3A0034F510;
					};
				};
			};
			buildConfigurationList = B5F50F9E2834AB3A0034F510 /* Build configuration list for PBXProject "E-Wallet" */;
			compatibilityVersion = "Xcode 13.0";
			developmentRegion = en;
			hasScannedForEncodings = 0;
			knownRegions = (
				en,
				Base,
			);
			mainGroup = B5F50F9A2834AB3A0034F510;
			productRefGroup = B5F50FA42834AB3B0034F510 /* Products */;
			projectDirPath = "";
			projectRoot = "";
			targets = (
				B5F50FA22834AB3A0034F510 /* E-Wallet */,
				B5F50FB82834AB3C0034F510 /* E-WalletTests */,
				B5F50FC22834AB3C0034F510 /* E-WalletUITests */,
			);
		};
/* End PBXProject section */

/* Begin PBXResourcesBuildPhase section */
		B5F50FA12834AB3A0034F510 /* Resources */ = {
			isa = PBXResourcesBuildPhase;
			buildActionMask = 2147483647;
			files = (
				B5F50FB32834AB3C0034F510 /* LaunchScreen.storyboard in Resources */,
				B5F50FB02834AB3C0034F510 /* Assets.xcassets in Resources */,
				B5F50FAE2834AB3B0034F510 /* Main.storyboard in Resources */,
			);
			runOnlyForDeploymentPostprocessing = 0;
		};
		B5F50FB72834AB3C0034F510 /* Resources */ = {
			isa = PBXResourcesBuildPhase;
			buildActionMask = 2147483647;
			files = (
			);
			runOnlyForDeploymentPostprocessing = 0;
		};
		B5F50FC12834AB3C0034F510 /* Resources */ = {
			isa = PBXResourcesBuildPhase;
			buildActionMask = 2147483647;
			files = (
			);
			runOnlyForDeploymentPostprocessing = 0;
		};
/* End PBXResourcesBuildPhase section */

/* Begin PBXSourcesBuildPhase section */
		B5F50F9F2834AB3A0034F510 /* Sources */ = {
			isa = PBXSourcesBuildPhase;
			buildActionMask = 2147483647;
			files = (
				B5F50FAB2834AB3B0034F510 /* ViewController.swift in Sources */,
				B5F50FA72834AB3B0034F510 /* AppDelegate.swift in Sources */,
				B5F50FA92834AB3B0034F510 /* SceneDelegate.swift in Sources */,
			);
			runOnlyForDeploymentPostprocessing = 0;
		};
		B5F50FB52834AB3C0034F510 /* Sources */ = {
			isa = PBXSourcesBuildPhase;
			buildActionMask = 2147483647;
			files = (
				B5F50FBE2834AB3C0034F510 /* E_WalletTests.swift in Sources */,
			);
			runOnlyForDeploymentPostprocessing = 0;
		};
		B5F50FBF2834AB3C0034F510 /* Sources */ = {
			isa = PBXSourcesBuildPhase;
			buildActionMask = 2147483647;
			files = (
				B5F50FCA2834AB3C0034F510 /* E_WalletUITestsLaunchTests.swift in Sources */,
				B5F50FC82834AB3C0034F510 /* E_WalletUITests.swift in Sources */,
			);
			runOnlyForDeploymentPostprocessing = 0;
		};
/* End PBXSourcesBuildPhase section */

/* Begin PBXTargetDependency section */
		B5F50FBB2834AB3C0034F510 /* PBXTargetDependency */ = {
			isa = PBXTargetDependency;
			target = B5F50FA22834AB3A0034F510 /* E-Wallet */;
			targetProxy = B5F50FBA2834AB3C0034F510 /* PBXContainerItemProxy */;
		};
		B5F50FC52834AB3C0034F510 /* PBXTargetDependency */ = {
			isa = PBXTargetDependency;
			target = B5F50FA22834AB3A0034F510 /* E-Wallet */;
			targetProxy = B5F50FC42834AB3C0034F510 /* PBXContainerItemProxy */;
		};
/* End PBXTargetDependency section */

/* Begin PBXVariantGroup section */
		B5F50FAC2834AB3B0034F510 /* Main.storyboard */ = {
			isa = PBXVariantGroup;
			children = (
				B5F50FAD2834AB3B0034F510 /* Base */,
			);
			name = Main.storyboard;
			sourceTree = "<group>";
		};
		B5F50FB12834AB3C0034F510 /* LaunchScreen.storyboard */ = {
			isa = PBXVariantGroup;
			children = (
				B5F50FB22834AB3C0034F510 /* Base */,
			);
			name = LaunchScreen.storyboard;
			sourceTree = "<group>";
		};
/* End PBXVariantGroup section */

/* Begin XCBuildConfiguration section */
		B5F50FCB2834AB3C0034F510 /* Debug */ = {
			isa = XCBuildConfiguration;
			buildSettings = {
				ALWAYS_SEARCH_USER_PATHS = NO;
				CLANG_ANALYZER_NONNULL = YES;
				CLANG_ANALYZER_NUMBER_OBJECT_CONVERSION = YES_AGGRESSIVE;
				CLANG_CXX_LANGUAGE_STANDARD = "gnu++17";
				CLANG_ENABLE_MODULES = YES;
				CLANG_ENABLE_OBJC_ARC = YES;
				CLANG_ENABLE_OBJC_WEAK = YES;
				CLANG_WARN_BLOCK_CAPTURE_AUTORELEASING = YES;
				CLANG_WARN_BOOL_CONVERSION = YES;
				CLANG_WARN_COMMA = YES;
				CLANG_WARN_CONSTANT_CONVERSION = YES;
				CLANG_WARN_DEPRECATED_OBJC_IMPLEMENTATIONS = YES;
				CLANG_WARN_DIRECT_OBJC_ISA_USAGE = YES_ERROR;
				CLANG_WARN_DOCUMENTATION_COMMENTS = YES;
				CLANG_WARN_EMPTY_BODY = YES;
				CLANG_WARN_ENUM_CONVERSION = YES;
				CLANG_WARN_INFINITE_RECURSION = YES;
				CLANG_WARN_INT_CONVERSION = YES;
				CLANG_WARN_NON_LITERAL_NULL_CONVERSION = YES;
				CLANG_WARN_OBJC_IMPLICIT_RETAIN_SELF = YES;
				CLANG_WARN_OBJC_LITERAL_CONVERSION = YES;
				CLANG_WARN_OBJC_ROOT_CLASS = YES_ERROR;
				CLANG_WARN_QUOTED_INCLUDE_IN_FRAMEWORK_HEADER = YES;
				CLANG_WARN_RANGE_LOOP_ANALYSIS = YES;
				CLANG_WARN_STRICT_PROTOTYPES = YES;
				CLANG_WARN_SUSPICIOUS_MOVE = YES;
				CLANG_WARN_UNGUARDED_AVAILABILITY = YES_AGGRESSIVE;
				CLANG_WARN_UNREACHABLE_CODE = YES;
				CLANG_WARN__DUPLICATE_METHOD_MATCH = YES;
				COPY_PHASE_STRIP = NO;
				DEBUG_INFORMATION_FORMAT = dwarf;
				ENABLE_STRICT_OBJC_MSGSEND = YES;
				ENABLE_TESTABILITY = YES;
				GCC_C_LANGUAGE_STANDARD = gnu11;
				GCC_DYNAMIC_NO_PIC = NO;
				GCC_NO_COMMON_BLOCKS = YES;
				GCC_OPTIMIZATION_LEVEL = 0;
				GCC_PREPROCESSOR_DEFINITIONS = (
					"DEBUG=1",
					"$(inherited)",
				);
				GCC_WARN_64_TO_32_BIT_CONVERSION = YES;
				GCC_WARN_ABOUT_RETURN_TYPE = YES_ERROR;
				GCC_WARN_UNDECLARED_SELECTOR = YES;
				GCC_WARN_UNINITIALIZED_AUTOS = YES_AGGRESSIVE;
				GCC_WARN_UNUSED_FUNCTION = YES;
				GCC_WARN_UNUSED_VARIABLE = YES;
				IPHONEOS_DEPLOYMENT_TARGET = 15.4;
				MTL_ENABLE_DEBUG_INFO = INCLUDE_SOURCE;
				MTL_FAST_MATH = YES;
				ONLY_ACTIVE_ARCH = YES;
				SDKROOT = iphoneos;
				SWIFT_ACTIVE_COMPILATION_CONDITIONS = DEBUG;
				SWIFT_OPTIMIZATION_LEVEL = "-Onone";
			};
			name = Debug;
		};
		B5F50FCC2834AB3C0034F510 /* Release */ = {
			isa = XCBuildConfiguration;
			buildSettings = {
				ALWAYS_SEARCH_USER_PATHS = NO;
				CLANG_ANALYZER_NONNULL = YES;
				CLANG_ANALYZER_NUMBER_OBJECT_CONVERSION = YES_AGGRESSIVE;
				CLANG_CXX_LANGUAGE_STANDARD = "gnu++17";
				CLANG_ENABLE_MODULES = YES;
				CLANG_ENABLE_OBJC_ARC = YES;
				CLANG_ENABLE_OBJC_WEAK = YES;
				CLANG_WARN_BLOCK_CAPTURE_AUTORELEASING = YES;
				CLANG_WARN_BOOL_CONVERSION = YES;
				CLANG_WARN_COMMA = YES;
				CLANG_WARN_CONSTANT_CONVERSION = YES;
				CLANG_WARN_DEPRECATED_OBJC_IMPLEMENTATIONS = YES;
				CLANG_WARN_DIRECT_OBJC_ISA_USAGE = YES_ERROR;
				CLANG_WARN_DOCUMENTATION_COMMENTS = YES;
				CLANG_WARN_EMPTY_BODY = YES;
				CLANG_WARN_ENUM_CONVERSION = YES;
				CLANG_WARN_INFINITE_RECURSION = YES;
				CLANG_WARN_INT_CONVERSION = YES;
				CLANG_WARN_NON_LITERAL_NULL_CONVERSION = YES;
				CLANG_WARN_OBJC_IMPLICIT_RETAIN_SELF = YES;
				CLANG_WARN_OBJC_LITERAL_CONVERSION = YES;
				CLANG_WARN_OBJC_ROOT_CLASS = YES_ERROR;
				CLANG_WARN_QUOTED_INCLUDE_IN_FRAMEWORK_HEADER = YES;
				CLANG_WARN_RANGE_LOOP_ANALYSIS = YES;
				CLANG_WARN_STRICT_PROTOTYPES = YES;
				CLANG_WARN_SUSPICIOUS_MOVE = YES;
				CLANG_WARN_UNGUARDED_AVAILABILITY = YES_AGGRESSIVE;
				CLANG_WARN_UNREACHABLE_CODE = YES;
				CLANG_WARN__DUPLICATE_METHOD_MATCH = YES;
				COPY_PHASE_STRIP = NO;
				DEBUG_INFORMATION_FORMAT = "dwarf-with-dsym";
				ENABLE_NS_ASSERTIONS = NO;
				ENABLE_STRICT_OBJC_MSGSEND = YES;
				GCC_C_LANGUAGE_STANDARD = gnu11;
				GCC_NO_COMMON_BLOCKS = YES;
				GCC_WARN_64_TO_32_BIT_CONVERSION = YES;
				GCC_WARN_ABOUT_RETURN_TYPE = YES_ERROR;
				GCC_WARN_UNDECLARED_SELECTOR = YES;
				GCC_WARN_UNINITIALIZED_AUTOS = YES_AGGRESSIVE;
				GCC_WARN_UNUSED_FUNCTION = YES;
				GCC_WARN_UNUSED_VARIABLE = YES;
				IPHONEOS_DEPLOYMENT_TARGET = 15.4;
				MTL_ENABLE_DEBUG_INFO = NO;
				MTL_FAST_MATH = YES;
				SDKROOT = iphoneos;
				SWIFT_COMPILATION_MODE = wholemodule;
				SWIFT_OPTIMIZATION_LEVEL = "-O";
				VALIDATE_PRODUCT = YES;
			};
			name = Release;
		};
		B5F50FCE2834AB3C0034F510 /* Debug */ = {
			isa = XCBuildConfiguration;
			buildSettings = {
				ASSETCATALOG_COMPILER_APPICON_NAME = AppIcon;
				ASSETCATALOG_COMPILER_GLOBAL_ACCENT_COLOR_NAME = AccentColor;
				CODE_SIGN_STYLE = Automatic;
				CURRENT_PROJECT_VERSION = 1;
				DEVELOPMENT_TEAM = 7GV25BTRQ8;
				GENERATE_INFOPLIST_FILE = YES;
				INFOPLIST_FILE = "E-Wallet/Info.plist";
				INFOPLIST_KEY_UIApplicationSupportsIndirectInputEvents = YES;
				INFOPLIST_KEY_UILaunchStoryboardName = LaunchScreen;
				INFOPLIST_KEY_UIMainStoryboardFile = Main;
				INFOPLIST_KEY_UISupportedInterfaceOrientations_iPad = "UIInterfaceOrientationPortrait UIInterfaceOrientationPortraitUpsideDown UIInterfaceOrientationLandscapeLeft UIInterfaceOrientationLandscapeRight";
				INFOPLIST_KEY_UISupportedInterfaceOrientations_iPhone = "UIInterfaceOrientationPortrait UIInterfaceOrientationLandscapeLeft UIInterfaceOrientationLandscapeRight";
				LD_RUNPATH_SEARCH_PATHS = (
					"$(inherited)",
					"@executable_path/Frameworks",
				);
				MARKETING_VERSION = 1.0;
				PRODUCT_BUNDLE_IDENTIFIER = "com.personalAliya.E-Wallet";
				PRODUCT_NAME = "$(TARGET_NAME)";
				SWIFT_EMIT_LOC_STRINGS = YES;
				SWIFT_VERSION = 5.0;
				TARGETED_DEVICE_FAMILY = "1,2";
			};
			name = Debug;
		};
		B5F50FCF2834AB3C0034F510 /* Release */ = {
			isa = XCBuildConfiguration;
			buildSettings = {
				ASSETCATALOG_COMPILER_APPICON_NAME = AppIcon;
				ASSETCATALOG_COMPILER_GLOBAL_ACCENT_COLOR_NAME = AccentColor;
				CODE_SIGN_STYLE = Automatic;
				CURRENT_PROJECT_VERSION = 1;
				DEVELOPMENT_TEAM = 7GV25BTRQ8;
				GENERATE_INFOPLIST_FILE = YES;
				INFOPLIST_FILE = "E-Wallet/Info.plist";
				INFOPLIST_KEY_UIApplicationSupportsIndirectInputEvents = YES;
				INFOPLIST_KEY_UILaunchStoryboardName = LaunchScreen;
				INFOPLIST_KEY_UIMainStoryboardFile = Main;
				INFOPLIST_KEY_UISupportedInterfaceOrientations_iPad = "UIInterfaceOrientationPortrait UIInterfaceOrientationPortraitUpsideDown UIInterfaceOrientationLandscapeLeft UIInterfaceOrientationLandscapeRight";
				INFOPLIST_KEY_UISupportedInterfaceOrientations_iPhone = "UIInterfaceOrientationPortrait UIInterfaceOrientationLandscapeLeft UIInterfaceOrientationLandscapeRight";
				LD_RUNPATH_SEARCH_PATHS = (
					"$(inherited)",
					"@executable_path/Frameworks",
				);
				MARKETING_VERSION = 1.0;
				PRODUCT_BUNDLE_IDENTIFIER = "com.personalAliya.E-Wallet";
				PRODUCT_NAME = "$(TARGET_NAME)";
				SWIFT_EMIT_LOC_STRINGS = YES;
				SWIFT_VERSION = 5.0;
				TARGETED_DEVICE_FAMILY = "1,2";
			};
			name = Release;
		};
		B5F50FD12834AB3C0034F510 /* Debug */ = {
			isa = XCBuildConfiguration;
			buildSettings = {
				ALWAYS_EMBED_SWIFT_STANDARD_LIBRARIES = YES;
				BUNDLE_LOADER = "$(TEST_HOST)";
				CODE_SIGN_STYLE = Automatic;
				CURRENT_PROJECT_VERSION = 1;
				DEVELOPMENT_TEAM = 7GV25BTRQ8;
				GENERATE_INFOPLIST_FILE = YES;
				IPHONEOS_DEPLOYMENT_TARGET = 15.4;
				MARKETING_VERSION = 1.0;
				PRODUCT_BUNDLE_IDENTIFIER = "com.personalAliya.E-WalletTests";
				PRODUCT_NAME = "$(TARGET_NAME)";
				SWIFT_EMIT_LOC_STRINGS = NO;
				SWIFT_VERSION = 5.0;
				TARGETED_DEVICE_FAMILY = "1,2";
				TEST_HOST = "$(BUILT_PRODUCTS_DIR)/E-Wallet.app/E-Wallet";
			};
			name = Debug;
		};
		B5F50FD22834AB3C0034F510 /* Release */ = {
			isa = XCBuildConfiguration;
			buildSettings = {
				ALWAYS_EMBED_SWIFT_STANDARD_LIBRARIES = YES;
				BUNDLE_LOADER = "$(TEST_HOST)";
				CODE_SIGN_STYLE = Automatic;
				CURRENT_PROJECT_VERSION = 1;
				DEVELOPMENT_TEAM = 7GV25BTRQ8;
				GENERATE_INFOPLIST_FILE = YES;
				IPHONEOS_DEPLOYMENT_TARGET = 15.4;
				MARKETING_VERSION = 1.0;
				PRODUCT_BUNDLE_IDENTIFIER = "com.personalAliya.E-WalletTests";
				PRODUCT_NAME = "$(TARGET_NAME)";
				SWIFT_EMIT_LOC_STRINGS = NO;
				SWIFT_VERSION = 5.0;
				TARGETED_DEVICE_FAMILY = "1,2";
				TEST_HOST = "$(BUILT_PRODUCTS_DIR)/E-Wallet.app/E-Wallet";
			};
			name = Release;
		};
		B5F50FD42834AB3C0034F510 /* Debug */ = {
			isa = XCBuildConfiguration;
			buildSettings = {
				ALWAYS_EMBED_SWIFT_STANDARD_LIBRARIES = YES;
				CODE_SIGN_STYLE = Automatic;
				CURRENT_PROJECT_VERSION = 1;
				DEVELOPMENT_TEAM = 7GV25BTRQ8;
				GENERATE_INFOPLIST_FILE = YES;
				MARKETING_VERSION = 1.0;
				PRODUCT_BUNDLE_IDENTIFIER = "com.personalAliya.E-WalletUITests";
				PRODUCT_NAME = "$(TARGET_NAME)";
				SWIFT_EMIT_LOC_STRINGS = NO;
				SWIFT_VERSION = 5.0;
				TARGETED_DEVICE_FAMILY = "1,2";
				TEST_TARGET_NAME = "E-Wallet";
			};
			name = Debug;
		};
		B5F50FD52834AB3C0034F510 /* Release */ = {
			isa = XCBuildConfiguration;
			buildSettings = {
				ALWAYS_EMBED_SWIFT_STANDARD_LIBRARIES = YES;
				CODE_SIGN_STYLE = Automatic;
				CURRENT_PROJECT_VERSION = 1;
				DEVELOPMENT_TEAM = 7GV25BTRQ8;
				GENERATE_INFOPLIST_FILE = YES;
				MARKETING_VERSION = 1.0;
				PRODUCT_BUNDLE_IDENTIFIER = "com.personalAliya.E-WalletUITests";
				PRODUCT_NAME = "$(TARGET_NAME)";
				SWIFT_EMIT_LOC_STRINGS = NO;
				SWIFT_VERSION = 5.0;
				TARGETED_DEVICE_FAMILY = "1,2";
				TEST_TARGET_NAME = "E-Wallet";
			};
			name = Release;
		};
/* End XCBuildConfiguration section */

/* Begin XCConfigurationList section */
		B5F50F9E2834AB3A0034F510 /* Build configuration list for PBXProject "E-Wallet" */ = {
			isa = XCConfigurationList;
			buildConfigurations = (
				B5F50FCB2834AB3C0034F510 /* Debug */,
				B5F50FCC2834AB3C0034F510 /* Release */,
			);
			defaultConfigurationIsVisible = 0;
			defaultConfigurationName = Release;
		};
		B5F50FCD2834AB3C0034F510 /* Build configuration list for PBXNativeTarget "E-Wallet" */ = {
			isa = XCConfigurationList;
			buildConfigurations = (
				B5F50FCE2834AB3C0034F510 /* Debug */,
				B5F50FCF2834AB3C0034F510 /* Release */,
			);
			defaultConfigurationIsVisible = 0;
			defaultConfigurationName = Release;
		};
		B5F50FD02834AB3C0034F510 /* Build configuration list for PBXNativeTarget "E-WalletTests" */ = {
			isa = XCConfigurationList;
			buildConfigurations = (
				B5F50FD12834AB3C0034F510 /* Debug */,
				B5F50FD22834AB3C0034F510 /* Release */,
			);
			defaultConfigurationIsVisible = 0;
			defaultConfigurationName = Release;
		};
		B5F50FD32834AB3C0034F510 /* Build configuration list for PBXNativeTarget "E-WalletUITests" */ = {
			isa = XCConfigurationList;
			buildConfigurations = (
				B5F50FD42834AB3C0034F510 /* Debug */,
				B5F50FD52834AB3C0034F510 /* Release */,
			);
			defaultConfigurationIsVisible = 0;
			defaultConfigurationName = Release;
		};
/* End XCConfigurationList section */
	};
	rootObject = B5F50F9B2834AB3A0034F510 /* Project object */;
}
